
Microsoft Visual Studio Solution File, Format Version 12.00
# Visual Studio 15
VisualStudioVersion = 15.0.27428.2015
MinimumVisualStudioVersion = 10.0.40219.1
Project("{FAE04EC0-301F-11D3-BF4B-00C04F79EFBC}") = "ClassLibrary1", "ClassLibrary1\ClassLibrary1.csproj", "{B428E259-2202-48C7-8980-C98264383E25}"
EndProject
Project("{FAE04EC0-301F-11D3-BF4B-00C04F79EFBC}") = "Launcher", "Launcher\Launcher.csproj", "{F7EA1123-5EB5-4575-A0E2-B32D24929EAC}"
EndProject
Global
	GlobalSection(SolutionConfigurationPlatforms) = preSolution
		Debug|Any CPU = Debug|Any CPU
		Release|Any CPU = Release|Any CPU
	EndGlobalSection
	GlobalSection(ProjectConfigurationPlatforms) = postSolution
		{B428E259-2202-48C7-8980-C98264383E25}.Debug|Any CPU.ActiveCfg = Debug|Any CPU
		{B428E259-2202-48C7-8980-C98264383E25}.Debug|Any CPU.Build.0 = Debug|Any CPU
		{B428E259-2202-48C7-8980-C98264383E25}.Release|Any CPU.ActiveCfg = Release|Any CPU
		{B428E259-2202-48C7-8980-C98264383E25}.Release|Any CPU.Build.0 = Release|Any CPU
		{F7EA1123-5EB5-4575-A0E2-B32D24929EAC}.Debug|Any CPU.ActiveCfg = Debug|Any CPU
		{F7EA1123-5EB5-4575-A0E2-B32D24929EAC}.Debug|Any CPU.Build.0 = Debug|Any CPU
		{F7EA1123-5EB5-4575-A0E2-B32D24929EAC}.Release|Any CPU.ActiveCfg = Release|Any CPU
		{F7EA1123-5EB5-4575-A0E2-B32D24929EAC}.Release|Any CPU.Build.0 = Release|Any CPU
	EndGlobalSection
	GlobalSection(SolutionProperties) = preSolution
		HideSolutionNode = FALSE
	EndGlobalSection
	GlobalSection(ExtensibilityGlobals) = postSolution
		SolutionGuid = {3B246E00-8B59-4668-9DE0-2F7C6CC0AA70}
	EndGlobalSection
EndGlobal
